
Microsoft Visual Studio Solution File, Format Version 12.00
# Visual Studio 15
VisualStudioVersion = 15.0.27428.2011
MinimumVisualStudioVersion = 10.0.40219.1
Project("{FAE04EC0-301F-11D3-BF4B-00C04F79EFBC}") = "AuthDemo", "AuthDemo\AuthDemo.csproj", "{5D3374D4-9E87-4835-B569-6C3CE814616C}"
EndProject
Project("{FAE04EC0-301F-11D3-BF4B-00C04F79EFBC}") = "Dal", "Dal\Dal.csproj", "{CDD74468-F6EB-4A60-81DE-085B02174017}"
EndProject
Project("{FAE04EC0-301F-11D3-BF4B-00C04F79EFBC}") = "Bll", "Bll\Bll.csproj", "{4E0E9569-2AEC-4812-AA1A-2F79417C60A1}"
EndProject
Global
	GlobalSection(SolutionConfigurationPlatforms) = preSolution
		Debug|Any CPU = Debug|Any CPU
		Release|Any CPU = Release|Any CPU
	EndGlobalSection
	GlobalSection(ProjectConfigurationPlatforms) = postSolution
		{5D3374D4-9E87-4835-B569-6C3CE814616C}.Debug|Any CPU.ActiveCfg = Debug|Any CPU
		{5D3374D4-9E87-4835-B569-6C3CE814616C}.Debug|Any CPU.Build.0 = Debug|Any CPU
		{5D3374D4-9E87-4835-B569-6C3CE814616C}.Release|Any CPU.ActiveCfg = Release|Any CPU
		{5D3374D4-9E87-4835-B569-6C3CE814616C}.Release|Any CPU.Build.0 = Release|Any CPU
		{CDD74468-F6EB-4A60-81DE-085B02174017}.Debug|Any CPU.ActiveCfg = Debug|Any CPU
		{CDD74468-F6EB-4A60-81DE-085B02174017}.Debug|Any CPU.Build.0 = Debug|Any CPU
		{CDD74468-F6EB-4A60-81DE-085B02174017}.Release|Any CPU.ActiveCfg = Release|Any CPU
		{CDD74468-F6EB-4A60-81DE-085B02174017}.Release|Any CPU.Build.0 = Release|Any CPU
		{4E0E9569-2AEC-4812-AA1A-2F79417C60A1}.Debug|Any CPU.ActiveCfg = Debug|Any CPU
		{4E0E9569-2AEC-4812-AA1A-2F79417C60A1}.Debug|Any CPU.Build.0 = Debug|Any CPU
		{4E0E9569-2AEC-4812-AA1A-2F79417C60A1}.Release|Any CPU.ActiveCfg = Release|Any CPU
		{4E0E9569-2AEC-4812-AA1A-2F79417C60A1}.Release|Any CPU.Build.0 = Release|Any CPU
	EndGlobalSection
	GlobalSection(SolutionProperties) = preSolution
		HideSolutionNode = FALSE
	EndGlobalSection
	GlobalSection(ExtensibilityGlobals) = postSolution
		SolutionGuid = {D3EA5837-895A-4A85-BF60-A93A70062496}
	EndGlobalSection
EndGlobal
